{
  "name": "lingduo-pack-service",
  "version": "0.1.0",
  "lockfileVersion": 3,
  "requires": true,
  "packages": {
    "": {
      "name": "lingduo-pack-service",
      "version": "0.1.0",
      "dependencies": {
        "@cratefit/pack": "^0.1.1"
      }
    },
    "node_modules/@cratefit/pack": {
      "version": "0.1.1",
      "resolved": "https://registry.npmjs.org/@cratefit/pack/-/pack-0.1.1.tgz",
      "integrity": "sha512-IE8sSMWKrXkXCC/MIeBrS5YaEPhM+O9TbUbYbweJ7OyhXerc/ZaDCil3GWqNK17tI1WKSClq34dydS5GaAJYlA==",
      "license": "SEE LICENSE IN LICENSE",
      "engines": {
        "node": ">=18.0.0"
      }
    }
  }
}
